
Microsoft Visual Studio Solution File, Format Version 12.00
# Visual Studio 15
VisualStudioVersion = 15.0.28307.902
MinimumVisualStudioVersion = 10.0.40219.1
Project("{9A19103F-16F7-4668-BE54-9A1E7A4F7556}") = "Digi21.DigiNG", "Digi21.DigiNG\Digi21.DigiNG.csproj", "{01E76C8F-987C-4631-9E32-29C1D5C9E72F}"
EndProject
Global
	GlobalSection(SolutionConfigurationPlatforms) = preSolution
		Debug|Any CPU = Debug|Any CPU
		Release|Any CPU = Release|Any CPU
	EndGlobalSection
	GlobalSection(ProjectConfigurationPlatforms) = postSolution
		{01E76C8F-987C-4631-9E32-29C1D5C9E72F}.Debug|Any CPU.ActiveCfg = Debug|Any CPU
		{01E76C8F-987C-4631-9E32-29C1D5C9E72F}.Debug|Any CPU.Build.0 = Debug|Any CPU
		{01E76C8F-987C-4631-9E32-29C1D5C9E72F}.Release|Any CPU.ActiveCfg = Release|Any CPU
		{01E76C8F-987C-4631-9E32-29C1D5C9E72F}.Release|Any CPU.Build.0 = Release|Any CPU
	EndGlobalSection
	GlobalSection(SolutionProperties) = preSolution
		HideSolutionNode = FALSE
	EndGlobalSection
	GlobalSection(ExtensibilityGlobals) = postSolution
		SolutionGuid = {5CF04909-F3FA-4F4B-91CE-9D25A9478893}
	EndGlobalSection
EndGlobal
